
Microsoft Visual Studio Solution File, Format Version 12.00
# Visual Studio Version 16
VisualStudioVersion = 16.0.30717.126
MinimumVisualStudioVersion = 10.0.40219.1
Project("{FAE04EC0-301F-11D3-BF4B-00C04F79EFBC}") = "InaccuracyCalculator", "InaccuracyCalculator.csproj", "{86C6AFDA-FB15-484C-B47D-ACCD1CF4F336}"
EndProject
Project("{FAE04EC0-301F-11D3-BF4B-00C04F79EFBC}") = "InaccuracyCalculator.Tests", "..\InaccuracyCalculator.Tests\InaccuracyCalculator.Tests.csproj", "{089F4BF5-27CD-4DFB-B971-5C515E238518}"
EndProject
Global
	GlobalSection(SolutionConfigurationPlatforms) = preSolution
		Debug|Any CPU = Debug|Any CPU
		Release|Any CPU = Release|Any CPU
	EndGlobalSection
	GlobalSection(ProjectConfigurationPlatforms) = postSolution
		{86C6AFDA-FB15-484C-B47D-ACCD1CF4F336}.Debug|Any CPU.ActiveCfg = Debug|Any CPU
		{86C6AFDA-FB15-484C-B47D-ACCD1CF4F336}.Debug|Any CPU.Build.0 = Debug|Any CPU
		{86C6AFDA-FB15-484C-B47D-ACCD1CF4F336}.Release|Any CPU.ActiveCfg = Release|Any CPU
		{86C6AFDA-FB15-484C-B47D-ACCD1CF4F336}.Release|Any CPU.Build.0 = Release|Any CPU
		{089F4BF5-27CD-4DFB-B971-5C515E238518}.Debug|Any CPU.ActiveCfg = Debug|Any CPU
		{089F4BF5-27CD-4DFB-B971-5C515E238518}.Debug|Any CPU.Build.0 = Debug|Any CPU
		{089F4BF5-27CD-4DFB-B971-5C515E238518}.Release|Any CPU.ActiveCfg = Release|Any CPU
		{089F4BF5-27CD-4DFB-B971-5C515E238518}.Release|Any CPU.Build.0 = Release|Any CPU
	EndGlobalSection
	GlobalSection(SolutionProperties) = preSolution
		HideSolutionNode = FALSE
	EndGlobalSection
	GlobalSection(ExtensibilityGlobals) = postSolution
		SolutionGuid = {AFEB5844-A00D-4D01-A731-251BA0503721}
	EndGlobalSection
EndGlobal
